
Microsoft Visual Studio Solution File, Format Version 12.00
# Visual Studio Version 16
VisualStudioVersion = 16.0.31829.152
MinimumVisualStudioVersion = 10.0.40219.1
Project("{8BC9CEB8-8B4A-11D0-8D11-00A0C91BC942}") = "aspdz2", "aspdz2\aspdz2.vcxproj", "{BB28A010-6CEE-4C78-B992-5D1F4A9BD83E}"
EndProject
Global
	GlobalSection(SolutionConfigurationPlatforms) = preSolution
		Debug|x64 = Debug|x64
		Debug|x86 = Debug|x86
		Release|x64 = Release|x64
		Release|x86 = Release|x86
	EndGlobalSection
	GlobalSection(ProjectConfigurationPlatforms) = postSolution
		{BB28A010-6CEE-4C78-B992-5D1F4A9BD83E}.Debug|x64.ActiveCfg = Debug|x64
		{BB28A010-6CEE-4C78-B992-5D1F4A9BD83E}.Debug|x64.Build.0 = Debug|x64
		{BB28A010-6CEE-4C78-B992-5D1F4A9BD83E}.Debug|x86.ActiveCfg = Debug|Win32
		{BB28A010-6CEE-4C78-B992-5D1F4A9BD83E}.Debug|x86.Build.0 = Debug|Win32
		{BB28A010-6CEE-4C78-B992-5D1F4A9BD83E}.Release|x64.ActiveCfg = Release|x64
		{BB28A010-6CEE-4C78-B992-5D1F4A9BD83E}.Release|x64.Build.0 = Release|x64
		{BB28A010-6CEE-4C78-B992-5D1F4A9BD83E}.Release|x86.ActiveCfg = Release|Win32
		{BB28A010-6CEE-4C78-B992-5D1F4A9BD83E}.Release|x86.Build.0 = Release|Win32
	EndGlobalSection
	GlobalSection(SolutionProperties) = preSolution
		HideSolutionNode = FALSE
	EndGlobalSection
	GlobalSection(ExtensibilityGlobals) = postSolution
		SolutionGuid = {982D1A54-64CE-4712-921B-EF37286DE780}
	EndGlobalSection
EndGlobal
